
Microsoft Visual Studio Solution File, Format Version 12.00
# Visual Studio Version 16
VisualStudioVersion = 16.0.30804.86
MinimumVisualStudioVersion = 10.0.40219.1
Project("{FAE04EC0-301F-11D3-BF4B-00C04F79EFBC}") = "MvcSnack", "MvcSnack\MvcSnack.csproj", "{DFD95222-6154-4C43-9B7D-8E35D55F4660}"
EndProject
Global
	GlobalSection(SolutionConfigurationPlatforms) = preSolution
		Debug|Any CPU = Debug|Any CPU
		Release|Any CPU = Release|Any CPU
	EndGlobalSection
	GlobalSection(ProjectConfigurationPlatforms) = postSolution
		{DFD95222-6154-4C43-9B7D-8E35D55F4660}.Debug|Any CPU.ActiveCfg = Debug|Any CPU
		{DFD95222-6154-4C43-9B7D-8E35D55F4660}.Debug|Any CPU.Build.0 = Debug|Any CPU
		{DFD95222-6154-4C43-9B7D-8E35D55F4660}.Release|Any CPU.ActiveCfg = Release|Any CPU
		{DFD95222-6154-4C43-9B7D-8E35D55F4660}.Release|Any CPU.Build.0 = Release|Any CPU
	EndGlobalSection
	GlobalSection(SolutionProperties) = preSolution
		HideSolutionNode = FALSE
	EndGlobalSection
	GlobalSection(ExtensibilityGlobals) = postSolution
		SolutionGuid = {05BABE62-A27F-4E9A-BECD-BA5C8C4FC755}
	EndGlobalSection
EndGlobal
